PODS:
  - FMDB (2.6.2):
    - FMDB/standard (= 2.6.2)
  - FMDB/standard (2.6.2)
  - JSQMessagesViewController (7.3.4):
    - JSQSystemSoundPlayer (~> 2.0.1)
  - JSQSystemSoundPlayer (2.0.1)
  - SKYKit (0.21.0):
    - SKYKit/Core (= 0.21.0)
  - SKYKit/Core (0.21.0):
    - FMDB (~> 2.5)
    - SocketRocket (~> 0.4)
  - SKYKitChat (0.0.2):
    - SKYKitChat/Core (= 0.0.2)
  - SKYKitChat/Core (0.0.2):
    - SKYKit/Core (~> 0.21.0)
  - SKYKitChat/UI (0.0.2):
    - JSQMessagesViewController (~> 7.3.0)
    - SKYKit/Core (~> 0.21.0)
    - SKYKitChat/Core
    - SVProgressHUD (~> 2.1.0)
  - SocketRocket (0.5.1)
  - SVProgressHUD (2.1.2)

DEPENDENCIES:
  - JSQMessagesViewController (~> 7.3.4)
  - SKYKit (~> 0.21.0)
  - SKYKitChat (~> 0.0.2)
  - SKYKitChat/UI (~> 0.0.2)
  - SVProgressHUD (~> 2.1.0)

SPEC CHECKSUMS:
  FMDB: 854a0341b4726e53276f2a8996f06f1b80f9259a
  JSQMessagesViewController: 39fed975e3c9f8eba7292071e29eeb541d105e66
  JSQSystemSoundPlayer: c5850e77a4363ffd374cd851154b9af93264ed8d
  SKYKit: 189ca397d45c08d9559d744c2ac0640a13b41072
  SKYKitChat: 0ac860a968b2ccac672abd8933e4d52e05b942fb
  SocketRocket: d57c7159b83c3c6655745cd15302aa24b6bae531
  SVProgressHUD: c404a55d78acbeb7ebb78b76d3faf986475a6994

PODFILE CHECKSUM: 89d46a17dfac50d07c75a48e843bca71170c898b

COCOAPODS: 1.2.0
